// !$*UTF8*$!
{
	archiveVersion = 1;
	classes = {
	};
	objectVersion = 56;
	objects = {

/* Begin PBXBuildFile section */
		C53E2BB66AF8E0BBD438A83B /* Pods_AsyncDemo.framework in Frameworks */ = {isa = PBXBuildFile; fileRef = 7AD0F85C7C6EAC9CF0F9BCD7 /* Pods_AsyncDemo.framework */; };
		CC40F64A53B711C9988C650F /* Pods_AsyncDemoTests.framework in Frameworks */ = {isa = PBXBuildFile; fileRef = 8A3C484ACBB4A4AD187A07A5 /* Pods_AsyncDemoTests.framework */; };
		DB447B5B2A029EC300F8561F /* Chapter2.swift in Sources */ = {isa = PBXBuildFile; fileRef = DB447B5A2A029EC300F8561F /* Chapter2.swift */; };
		DB447B5F2A02AB5A00F8561F /* Chapter2OC.m in Sources */ = {isa = PBXBuildFile; fileRef = DB447B5E2A02AB5A00F8561F /* Chapter2OC.m */; };
		DB60EE3F29E84C11006FDDA3 /* AppDelegate.swift in Sources */ = {isa = PBXBuildFile; fileRef = DB60EE3E29E84C11006FDDA3 /* AppDelegate.swift */; };
		DB60EE4129E84C11006FDDA3 /* SceneDelegate.swift in Sources */ = {isa = PBXBuildFile; fileRef = DB60EE4029E84C11006FDDA3 /* SceneDelegate.swift */; };
		DB60EE4329E84C11006FDDA3 /* ViewController.swift in Sources */ = {isa = PBXBuildFile; fileRef = DB60EE4229E84C11006FDDA3 /* ViewController.swift */; };
		DB60EE4629E84C11006FDDA3 /* Main.storyboard in Resources */ = {isa = PBXBuildFile; fileRef = DB60EE4429E84C11006FDDA3 /* Main.storyboard */; };
		DB60EE4829E84C12006FDDA3 /* Assets.xcassets in Resources */ = {isa = PBXBuildFile; fileRef = DB60EE4729E84C12006FDDA3 /* Assets.xcassets */; };
		DB60EE4B29E84C12006FDDA3 /* LaunchScreen.storyboard in Resources */ = {isa = PBXBuildFile; fileRef = DB60EE4929E84C12006FDDA3 /* LaunchScreen.storyboard */; };
		DB60EE5629E84C12006FDDA3 /* AsyncDemoTests.swift in Sources */ = {isa = PBXBuildFile; fileRef = DB60EE5529E84C12006FDDA3 /* AsyncDemoTests.swift */; };
		DB60EE7029E84C4C006FDDA3 /* Chapter1.swift in Sources */ = {isa = PBXBuildFile; fileRef = DB60EE6F29E84C4C006FDDA3 /* Chapter1.swift */; };
		DB60EE7229E84C52006FDDA3 /* Testable.swift in Sources */ = {isa = PBXBuildFile; fileRef = DB60EE7129E84C52006FDDA3 /* Testable.swift */; };
/* End PBXBuildFile section */

/* Begin PBXContainerItemProxy section */
		DB60EE5229E84C12006FDDA3 /* PBXContainerItemProxy */ = {
			isa = PBXContainerItemProxy;
			containerPortal = DB60EE3329E84C11006FDDA3 /* Project object */;
			proxyType = 1;
			remoteGlobalIDString = DB60EE3A29E84C11006FDDA3;
			remoteInfo = AsyncDemo;
		};
/* End PBXContainerItemProxy section */

/* Begin PBXFileReference section */
		29211F31E323A199CB30C73A /* Pods-AsyncDemo.release.xcconfig */ = {isa = PBXFileReference; includeInIndex = 1; lastKnownFileType = text.xcconfig; name = "Pods-AsyncDemo.release.xcconfig"; path = "Target Support Files/Pods-AsyncDemo/Pods-AsyncDemo.release.xcconfig"; sourceTree = "<group>"; };
		72135375EF566BA3943E519F /* Pods-AsyncDemoTests.release.xcconfig */ = {isa = PBXFileReference; includeInIndex = 1; lastKnownFileType = text.xcconfig; name = "Pods-AsyncDemoTests.release.xcconfig"; path = "Target Support Files/Pods-AsyncDemoTests/Pods-AsyncDemoTests.release.xcconfig"; sourceTree = "<group>"; };
		793E8A9F121D2176E00896C5 /* Pods-AsyncDemoTests.debug.xcconfig */ = {isa = PBXFileReference; includeInIndex = 1; lastKnownFileType = text.xcconfig; name = "Pods-AsyncDemoTests.debug.xcconfig"; path = "Target Support Files/Pods-AsyncDemoTests/Pods-AsyncDemoTests.debug.xcconfig"; sourceTree = "<group>"; };
		7AD0F85C7C6EAC9CF0F9BCD7 /* Pods_AsyncDemo.framework */ = {isa = PBXFileReference; explicitFileType = wrapper.framework; includeInIndex = 0; path = Pods_AsyncDemo.framework; sourceTree = BUILT_PRODUCTS_DIR; };
		8A3C484ACBB4A4AD187A07A5 /* Pods_AsyncDemoTests.framework */ = {isa = PBXFileReference; explicitFileType = wrapper.framework; includeInIndex = 0; path = Pods_AsyncDemoTests.framework; sourceTree = BUILT_PRODUCTS_DIR; };
		A500102C9BDAA8457726A762 /* Pods-AsyncDemo.debug.xcconfig */ = {isa = PBXFileReference; includeInIndex = 1; lastKnownFileType = text.xcconfig; name = "Pods-AsyncDemo.debug.xcconfig"; path = "Target Support Files/Pods-AsyncDemo/Pods-AsyncDemo.debug.xcconfig"; sourceTree = "<group>"; };
		DB447B5A2A029EC300F8561F /* Chapter2.swift */ = {isa = PBXFileReference; lastKnownFileType = sourcecode.swift; path = Chapter2.swift; sourceTree = "<group>"; };
		DB447B5C2A02AB5A00F8561F /* AsyncDemo-Bridging-Header.h */ = {isa = PBXFileReference; lastKnownFileType = sourcecode.c.h; path = "AsyncDemo-Bridging-Header.h"; sourceTree = "<group>"; };
		DB447B5D2A02AB5A00F8561F /* Chapter2OC.h */ = {isa = PBXFileReference; lastKnownFileType = sourcecode.c.h; path = Chapter2OC.h; sourceTree = "<group>"; };
		DB447B5E2A02AB5A00F8561F /* Chapter2OC.m */ = {isa = PBXFileReference; lastKnownFileType = sourcecode.c.objc; path = Chapter2OC.m; sourceTree = "<group>"; };
		DB60EE3B29E84C11006FDDA3 /* AsyncDemo.app */ = {isa = PBXFileReference; explicitFileType = wrapper.application; includeInIndex = 0; path = AsyncDemo.app; sourceTree = BUILT_PRODUCTS_DIR; };
		DB60EE3E29E84C11006FDDA3 /* AppDelegate.swift */ = {isa = PBXFileReference; lastKnownFileType = sourcecode.swift; path = AppDelegate.swift; sourceTree = "<group>"; };
		DB60EE4029E84C11006FDDA3 /* SceneDelegate.swift */ = {isa = PBXFileReference; lastKnownFileType = sourcecode.swift; path = SceneDelegate.swift; sourceTree = "<group>"; };
		DB60EE4229E84C11006FDDA3 /* ViewController.swift */ = {isa = PBXFileReference; lastKnownFileType = sourcecode.swift; path = ViewController.swift; sourceTree = "<group>"; };
		DB60EE4529E84C11006FDDA3 /* Base */ = {isa = PBXFileReference; lastKnownFileType = file.storyboard; name = Base; path = Base.lproj/Main.storyboard; sourceTree = "<group>"; };
		DB60EE4729E84C12006FDDA3 /* Assets.xcassets */ = {isa = PBXFileReference; lastKnownFileType = folder.assetcatalog; path = Assets.xcassets; sourceTree = "<group>"; };
		DB60EE4A29E84C12006FDDA3 /* Base */ = {isa = PBXFileReference; lastKnownFileType = file.storyboard; name = Base; path = Base.lproj/LaunchScreen.storyboard; sourceTree = "<group>"; };
		DB60EE4C29E84C12006FDDA3 /* Info.plist */ = {isa = PBXFileReference; lastKnownFileType = text.plist.xml; path = Info.plist; sourceTree = "<group>"; };
		DB60EE5129E84C12006FDDA3 /* AsyncDemoTests.xctest */ = {isa = PBXFileReference; explicitFileType = wrapper.cfbundle; includeInIndex = 0; path = AsyncDemoTests.xctest; sourceTree = BUILT_PRODUCTS_DIR; };
		DB60EE5529E84C12006FDDA3 /* AsyncDemoTests.swift */ = {isa = PBXFileReference; lastKnownFileType = sourcecode.swift; path = AsyncDemoTests.swift; sourceTree = "<group>"; };
		DB60EE6F29E84C4C006FDDA3 /* Chapter1.swift */ = {isa = PBXFileReference; fileEncoding = 4; lastKnownFileType = sourcecode.swift; path = Chapter1.swift; sourceTree = "<group>"; };
		DB60EE7129E84C52006FDDA3 /* Testable.swift */ = {isa = PBXFileReference; fileEncoding = 4; lastKnownFileType = sourcecode.swift; path = Testable.swift; sourceTree = "<group>"; };
/* End PBXFileReference section */

/* Begin PBXFrameworksBuildPhase section */
		DB60EE3829E84C11006FDDA3 /* Frameworks */ = {
			isa = PBXFrameworksBuildPhase;
			buildActionMask = 2147483647;
			files = (
				C53E2BB66AF8E0BBD438A83B /* Pods_AsyncDemo.framework in Frameworks */,
			);
			runOnlyForDeploymentPostprocessing = 0;
		};
		DB60EE4E29E84C12006FDDA3 /* Frameworks */ = {
			isa = PBXFrameworksBuildPhase;
			buildActionMask = 2147483647;
			files = (
				CC40F64A53B711C9988C650F /* Pods_AsyncDemoTests.framework in Frameworks */,
			);
			runOnlyForDeploymentPostprocessing = 0;
		};
/* End PBXFrameworksBuildPhase section */

/* Begin PBXGroup section */
		15CFD11EB1AC7AEFC242E3EA /* Pods */ = {
			isa = PBXGroup;
			children = (
				A500102C9BDAA8457726A762 /* Pods-AsyncDemo.debug.xcconfig */,
				29211F31E323A199CB30C73A /* Pods-AsyncDemo.release.xcconfig */,
				793E8A9F121D2176E00896C5 /* Pods-AsyncDemoTests.debug.xcconfig */,
				72135375EF566BA3943E519F /* Pods-AsyncDemoTests.release.xcconfig */,
			);
			path = Pods;
			sourceTree = "<group>";
		};
		6FBAE8B299760A7ECE3381E4 /* Frameworks */ = {
			isa = PBXGroup;
			children = (
				7AD0F85C7C6EAC9CF0F9BCD7 /* Pods_AsyncDemo.framework */,
				8A3C484ACBB4A4AD187A07A5 /* Pods_AsyncDemoTests.framework */,
			);
			name = Frameworks;
			sourceTree = "<group>";
		};
		DB60EE3229E84C11006FDDA3 = {
			isa = PBXGroup;
			children = (
				DB60EE3D29E84C11006FDDA3 /* AsyncDemo */,
				DB60EE5429E84C12006FDDA3 /* AsyncDemoTests */,
				DB60EE3C29E84C11006FDDA3 /* Products */,
				15CFD11EB1AC7AEFC242E3EA /* Pods */,
				6FBAE8B299760A7ECE3381E4 /* Frameworks */,
			);
			sourceTree = "<group>";
		};
		DB60EE3C29E84C11006FDDA3 /* Products */ = {
			isa = PBXGroup;
			children = (
				DB60EE3B29E84C11006FDDA3 /* AsyncDemo.app */,
				DB60EE5129E84C12006FDDA3 /* AsyncDemoTests.xctest */,
			);
			name = Products;
			sourceTree = "<group>";
		};
		DB60EE3D29E84C11006FDDA3 /* AsyncDemo */ = {
			isa = PBXGroup;
			children = (
				DB60EE6E29E84C3B006FDDA3 /* Sources */,
				DB60EE3E29E84C11006FDDA3 /* AppDelegate.swift */,
				DB60EE4029E84C11006FDDA3 /* SceneDelegate.swift */,
				DB60EE7129E84C52006FDDA3 /* Testable.swift */,
				DB60EE4229E84C11006FDDA3 /* ViewController.swift */,
				DB60EE4429E84C11006FDDA3 /* Main.storyboard */,
				DB447B5C2A02AB5A00F8561F /* AsyncDemo-Bridging-Header.h */,
				DB60EE4729E84C12006FDDA3 /* Assets.xcassets */,
				DB60EE4929E84C12006FDDA3 /* LaunchScreen.storyboard */,
				DB60EE4C29E84C12006FDDA3 /* Info.plist */,
			);
			path = AsyncDemo;
			sourceTree = "<group>";
		};
		DB60EE5429E84C12006FDDA3 /* AsyncDemoTests */ = {
			isa = PBXGroup;
			children = (
				DB60EE5529E84C12006FDDA3 /* AsyncDemoTests.swift */,
			);
			path = AsyncDemoTests;
			sourceTree = "<group>";
		};
		DB60EE6E29E84C3B006FDDA3 /* Sources */ = {
			isa = PBXGroup;
			children = (
				DB60EE6F29E84C4C006FDDA3 /* Chapter1.swift */,
				DB447B5A2A029EC300F8561F /* Chapter2.swift */,
				DB447B5D2A02AB5A00F8561F /* Chapter2OC.h */,
				DB447B5E2A02AB5A00F8561F /* Chapter2OC.m */,
			);
			path = Sources;
			sourceTree = "<group>";
		};
/* End PBXGroup section */

/* Begin PBXNativeTarget section */
		DB60EE3A29E84C11006FDDA3 /* AsyncDemo */ = {
			isa = PBXNativeTarget;
			buildConfigurationList = DB60EE6529E84C12006FDDA3 /* Build configuration list for PBXNativeTarget "AsyncDemo" */;
			buildPhases = (
				BAFABDDDD651CC54949CBE57 /* [CP] Check Pods Manifest.lock */,
				DB60EE3729E84C11006FDDA3 /* Sources */,
				DB60EE3829E84C11006FDDA3 /* Frameworks */,
				DB60EE3929E84C11006FDDA3 /* Resources */,
			);
			buildRules = (
			);
			dependencies = (
			);
			name = AsyncDemo;
			productName = AsyncDemo;
			productReference = DB60EE3B29E84C11006FDDA3 /* AsyncDemo.app */;
			productType = "com.apple.product-type.application";
		};
		DB60EE5029E84C12006FDDA3 /* AsyncDemoTests */ = {
			isa = PBXNativeTarget;
			buildConfigurationList = DB60EE6829E84C12006FDDA3 /* Build configuration list for PBXNativeTarget "AsyncDemoTests" */;
			buildPhases = (
				35E624BBFD51FBC6BA884EBB /* [CP] Check Pods Manifest.lock */,
				DB60EE4D29E84C12006FDDA3 /* Sources */,
				DB60EE4E29E84C12006FDDA3 /* Frameworks */,
				DB60EE4F29E84C12006FDDA3 /* Resources */,
			);
			buildRules = (
			);
			dependencies = (
				DB60EE5329E84C12006FDDA3 /* PBXTargetDependency */,
			);
			name = AsyncDemoTests;
			productName = AsyncDemoTests;
			productReference = DB60EE5129E84C12006FDDA3 /* AsyncDemoTests.xctest */;
			productType = "com.apple.product-type.bundle.unit-test";
		};
/* End PBXNativeTarget section */

/* Begin PBXProject section */
		DB60EE3329E84C11006FDDA3 /* Project object */ = {
			isa = PBXProject;
			attributes = {
				BuildIndependentTargetsInParallel = 1;
				LastSwiftUpdateCheck = 1430;
				LastUpgradeCheck = 1430;
				TargetAttributes = {
					DB60EE3A29E84C11006FDDA3 = {
						CreatedOnToolsVersion = 14.3;
						LastSwiftMigration = 1430;
					};
					DB60EE5029E84C12006FDDA3 = {
						CreatedOnToolsVersion = 14.3;
						TestTargetID = DB60EE3A29E84C11006FDDA3;
					};
				};
			};
			buildConfigurationList = DB60EE3629E84C11006FDDA3 /* Build configuration list for PBXProject "AsyncDemo" */;
			compatibilityVersion = "Xcode 14.0";
			developmentRegion = en;
			hasScannedForEncodings = 0;
			knownRegions = (
				en,
				Base,
			);
			mainGroup = DB60EE3229E84C11006FDDA3;
			productRefGroup = DB60EE3C29E84C11006FDDA3 /* Products */;
			projectDirPath = "";
			projectRoot = "";
			targets = (
				DB60EE3A29E84C11006FDDA3 /* AsyncDemo */,
				DB60EE5029E84C12006FDDA3 /* AsyncDemoTests */,
			);
		};
/* End PBXProject section */

/* Begin PBXResourcesBuildPhase section */
		DB60EE3929E84C11006FDDA3 /* Resources */ = {
			isa = PBXResourcesBuildPhase;
			buildActionMask = 2147483647;
			files = (
				DB60EE4B29E84C12006FDDA3 /* LaunchScreen.storyboard in Resources */,
				DB60EE4829E84C12006FDDA3 /* Assets.xcassets in Resources */,
				DB60EE4629E84C11006FDDA3 /* Main.storyboard in Resources */,
			);
			runOnlyForDeploymentPostprocessing = 0;
		};
		DB60EE4F29E84C12006FDDA3 /* Resources */ = {
			isa = PBXResourcesBuildPhase;
			buildActionMask = 2147483647;
			files = (
			);
			runOnlyForDeploymentPostprocessing = 0;
		};
/* End PBXResourcesBuildPhase section */

/* Begin PBXShellScriptBuildPhase section */
		35E624BBFD51FBC6BA884EBB /* [CP] Check Pods Manifest.lock */ = {
			isa = PBXShellScriptBuildPhase;
			buildActionMask = 2147483647;
			files = (
			);
			inputFileListPaths = (
			);
			inputPaths = (
				"${PODS_PODFILE_DIR_PATH}/Podfile.lock",
				"${PODS_ROOT}/Manifest.lock",
			);
			name = "[CP] Check Pods Manifest.lock";
			outputFileListPaths = (
			);
			outputPaths = (
				"$(DERIVED_FILE_DIR)/Pods-AsyncDemoTests-checkManifestLockResult.txt",
			);
			runOnlyForDeploymentPostprocessing = 0;
			shellPath = /bin/sh;
			shellScript = "diff \"${PODS_PODFILE_DIR_PATH}/Podfile.lock\" \"${PODS_ROOT}/Manifest.lock\" > /dev/null\nif [ $? != 0 ] ; then\n    # print error to STDERR\n    echo \"error: The sandbox is not in sync with the Podfile.lock. Run 'pod install' or update your CocoaPods installation.\" >&2\n    exit 1\nfi\n# This output is used by Xcode 'outputs' to avoid re-running this script phase.\necho \"SUCCESS\" > \"${SCRIPT_OUTPUT_FILE_0}\"\n";
			showEnvVarsInLog = 0;
		};
		BAFABDDDD651CC54949CBE57 /* [CP] Check Pods Manifest.lock */ = {
			isa = PBXShellScriptBuildPhase;
			buildActionMask = 2147483647;
			files = (
			);
			inputFileListPaths = (
			);
			inputPaths = (
				"${PODS_PODFILE_DIR_PATH}/Podfile.lock",
				"${PODS_ROOT}/Manifest.lock",
			);
			name = "[CP] Check Pods Manifest.lock";
			outputFileListPaths = (
			);
			outputPaths = (
				"$(DERIVED_FILE_DIR)/Pods-AsyncDemo-checkManifestLockResult.txt",
			);
			runOnlyForDeploymentPostprocessing = 0;
			shellPath = /bin/sh;
			shellScript = "diff \"${PODS_PODFILE_DIR_PATH}/Podfile.lock\" \"${PODS_ROOT}/Manifest.lock\" > /dev/null\nif [ $? != 0 ] ; then\n    # print error to STDERR\n    echo \"error: The sandbox is not in sync with the Podfile.lock. Run 'pod install' or update your CocoaPods installation.\" >&2\n    exit 1\nfi\n# This output is used by Xcode 'outputs' to avoid re-running this script phase.\necho \"SUCCESS\" > \"${SCRIPT_OUTPUT_FILE_0}\"\n";
			showEnvVarsInLog = 0;
		};
/* End PBXShellScriptBuildPhase section */

/* Begin PBXSourcesBuildPhase section */
		DB60EE3729E84C11006FDDA3 /* Sources */ = {
			isa = PBXSourcesBuildPhase;
			buildActionMask = 2147483647;
			files = (
				DB60EE7229E84C52006FDDA3 /* Testable.swift in Sources */,
				DB60EE4329E84C11006FDDA3 /* ViewController.swift in Sources */,
				DB447B5B2A029EC300F8561F /* Chapter2.swift in Sources */,
				DB60EE7029E84C4C006FDDA3 /* Chapter1.swift in Sources */,
				DB60EE3F29E84C11006FDDA3 /* AppDelegate.swift in Sources */,
				DB447B5F2A02AB5A00F8561F /* Chapter2OC.m in Sources */,
				DB60EE4129E84C11006FDDA3 /* SceneDelegate.swift in Sources */,
			);
			runOnlyForDeploymentPostprocessing = 0;
		};
		DB60EE4D29E84C12006FDDA3 /* Sources */ = {
			isa = PBXSourcesBuildPhase;
			buildActionMask = 2147483647;
			files = (
				DB60EE5629E84C12006FDDA3 /* AsyncDemoTests.swift in Sources */,
			);
			runOnlyForDeploymentPostprocessing = 0;
		};
/* End PBXSourcesBuildPhase section */

/* Begin PBXTargetDependency section */
		DB60EE5329E84C12006FDDA3 /* PBXTargetDependency */ = {
			isa = PBXTargetDependency;
			target = DB60EE3A29E84C11006FDDA3 /* AsyncDemo */;
			targetProxy = DB60EE5229E84C12006FDDA3 /* PBXContainerItemProxy */;
		};
/* End PBXTargetDependency section */

/* Begin PBXVariantGroup section */
		DB60EE4429E84C11006FDDA3 /* Main.storyboard */ = {
			isa = PBXVariantGroup;
			children = (
				DB60EE4529E84C11006FDDA3 /* Base */,
			);
			name = Main.storyboard;
			sourceTree = "<group>";
		};
		DB60EE4929E84C12006FDDA3 /* LaunchScreen.storyboard */ = {
			isa = PBXVariantGroup;
			children = (
				DB60EE4A29E84C12006FDDA3 /* Base */,
			);
			name = LaunchScreen.storyboard;
			sourceTree = "<group>";
		};
/* End PBXVariantGroup section */

/* Begin XCBuildConfiguration section */
		DB60EE6329E84C12006FDDA3 /* Debug */ = {
			isa = XCBuildConfiguration;
			buildSettings = {
				ALWAYS_SEARCH_USER_PATHS = NO;
				CLANG_ANALYZER_NONNULL = YES;
				CLANG_ANALYZER_NUMBER_OBJECT_CONVERSION = YES_AGGRESSIVE;
				CLANG_CXX_LANGUAGE_STANDARD = "gnu++20";
				CLANG_ENABLE_MODULES = YES;
				CLANG_ENABLE_OBJC_ARC = YES;
				CLANG_ENABLE_OBJC_WEAK = YES;
				CLANG_WARN_BLOCK_CAPTURE_AUTORELEASING = YES;
				CLANG_WARN_BOOL_CONVERSION = YES;
				CLANG_WARN_COMMA = YES;
				CLANG_WARN_CONSTANT_CONVERSION = YES;
				CLANG_WARN_DEPRECATED_OBJC_IMPLEMENTATIONS = YES;
				CLANG_WARN_DIRECT_OBJC_ISA_USAGE = YES_ERROR;
				CLANG_WARN_DOCUMENTATION_COMMENTS = YES;
				CLANG_WARN_EMPTY_BODY = YES;
				CLANG_WARN_ENUM_CONVERSION = YES;
				CLANG_WARN_INFINITE_RECURSION = YES;
				CLANG_WARN_INT_CONVERSION = YES;
				CLANG_WARN_NON_LITERAL_NULL_CONVERSION = YES;
				CLANG_WARN_OBJC_IMPLICIT_RETAIN_SELF = YES;
				CLANG_WARN_OBJC_LITERAL_CONVERSION = YES;
				CLANG_WARN_OBJC_ROOT_CLASS = YES_ERROR;
				CLANG_WARN_QUOTED_INCLUDE_IN_FRAMEWORK_HEADER = YES;
				CLANG_WARN_RANGE_LOOP_ANALYSIS = YES;
				CLANG_WARN_STRICT_PROTOTYPES = YES;
				CLANG_WARN_SUSPICIOUS_MOVE = YES;
				CLANG_WARN_UNGUARDED_AVAILABILITY = YES_AGGRESSIVE;
				CLANG_WARN_UNREACHABLE_CODE = YES;
				CLANG_WARN__DUPLICATE_METHOD_MATCH = YES;
				COPY_PHASE_STRIP = NO;
				DEBUG_INFORMATION_FORMAT = dwarf;
				ENABLE_STRICT_OBJC_MSGSEND = YES;
				ENABLE_TESTABILITY = YES;
				GCC_C_LANGUAGE_STANDARD = gnu11;
				GCC_DYNAMIC_NO_PIC = NO;
				GCC_NO_COMMON_BLOCKS = YES;
				GCC_OPTIMIZATION_LEVEL = 0;
				GCC_PREPROCESSOR_DEFINITIONS = (
					"DEBUG=1",
					"$(inherited)",
				);
				GCC_WARN_64_TO_32_BIT_CONVERSION = YES;
				GCC_WARN_ABOUT_RETURN_TYPE = YES_ERROR;
				GCC_WARN_UNDECLARED_SELECTOR = YES;
				GCC_WARN_UNINITIALIZED_AUTOS = YES_AGGRESSIVE;
				GCC_WARN_UNUSED_FUNCTION = YES;
				GCC_WARN_UNUSED_VARIABLE = YES;
				IPHONEOS_DEPLOYMENT_TARGET = 16.4;
				MTL_ENABLE_DEBUG_INFO = INCLUDE_SOURCE;
				MTL_FAST_MATH = YES;
				ONLY_ACTIVE_ARCH = YES;
				SDKROOT = iphoneos;
				SWIFT_ACTIVE_COMPILATION_CONDITIONS = DEBUG;
				SWIFT_OPTIMIZATION_LEVEL = "-Onone";
			};
			name = Debug;
		};
		DB60EE6429E84C12006FDDA3 /* Release */ = {
			isa = XCBuildConfiguration;
			buildSettings = {
				ALWAYS_SEARCH_USER_PATHS = NO;
				CLANG_ANALYZER_NONNULL = YES;
				CLANG_ANALYZER_NUMBER_OBJECT_CONVERSION = YES_AGGRESSIVE;
				CLANG_CXX_LANGUAGE_STANDARD = "gnu++20";
				CLANG_ENABLE_MODULES = YES;
				CLANG_ENABLE_OBJC_ARC = YES;
				CLANG_ENABLE_OBJC_WEAK = YES;
				CLANG_WARN_BLOCK_CAPTURE_AUTORELEASING = YES;
				CLANG_WARN_BOOL_CONVERSION = YES;
				CLANG_WARN_COMMA = YES;
				CLANG_WARN_CONSTANT_CONVERSION = YES;
				CLANG_WARN_DEPRECATED_OBJC_IMPLEMENTATIONS = YES;
				CLANG_WARN_DIRECT_OBJC_ISA_USAGE = YES_ERROR;
				CLANG_WARN_DOCUMENTATION_COMMENTS = YES;
				CLANG_WARN_EMPTY_BODY = YES;
				CLANG_WARN_ENUM_CONVERSION = YES;
				CLANG_WARN_INFINITE_RECURSION = YES;
				CLANG_WARN_INT_CONVERSION = YES;
				CLANG_WARN_NON_LITERAL_NULL_CONVERSION = YES;
				CLANG_WARN_OBJC_IMPLICIT_RETAIN_SELF = YES;
				CLANG_WARN_OBJC_LITERAL_CONVERSION = YES;
				CLANG_WARN_OBJC_ROOT_CLASS = YES_ERROR;
				CLANG_WARN_QUOTED_INCLUDE_IN_FRAMEWORK_HEADER = YES;
				CLANG_WARN_RANGE_LOOP_ANALYSIS = YES;
				CLANG_WARN_STRICT_PROTOTYPES = YES;
				CLANG_WARN_SUSPICIOUS_MOVE = YES;
				CLANG_WARN_UNGUARDED_AVAILABILITY = YES_AGGRESSIVE;
				CLANG_WARN_UNREACHABLE_CODE = YES;
				CLANG_WARN__DUPLICATE_METHOD_MATCH = YES;
				COPY_PHASE_STRIP = NO;
				DEBUG_INFORMATION_FORMAT = "dwarf-with-dsym";
				ENABLE_NS_ASSERTIONS = NO;
				ENABLE_STRICT_OBJC_MSGSEND = YES;
				GCC_C_LANGUAGE_STANDARD = gnu11;
				GCC_NO_COMMON_BLOCKS = YES;
				GCC_WARN_64_TO_32_BIT_CONVERSION = YES;
				GCC_WARN_ABOUT_RETURN_TYPE = YES_ERROR;
				GCC_WARN_UNDECLARED_SELECTOR = YES;
				GCC_WARN_UNINITIALIZED_AUTOS = YES_AGGRESSIVE;
				GCC_WARN_UNUSED_FUNCTION = YES;
				GCC_WARN_UNUSED_VARIABLE = YES;
				IPHONEOS_DEPLOYMENT_TARGET = 16.4;
				MTL_ENABLE_DEBUG_INFO = NO;
				MTL_FAST_MATH = YES;
				SDKROOT = iphoneos;
				SWIFT_COMPILATION_MODE = wholemodule;
				SWIFT_OPTIMIZATION_LEVEL = "-O";
				VALIDATE_PRODUCT = YES;
			};
			name = Release;
		};
		DB60EE6629E84C12006FDDA3 /* Debug */ = {
			isa = XCBuildConfiguration;
			baseConfigurationReference = A500102C9BDAA8457726A762 /* Pods-AsyncDemo.debug.xcconfig */;
			buildSettings = {
				ASSETCATALOG_COMPILER_APPICON_NAME = AppIcon;
				ASSETCATALOG_COMPILER_GLOBAL_ACCENT_COLOR_NAME = AccentColor;
				CLANG_ENABLE_MODULES = YES;
				CODE_SIGN_STYLE = Automatic;
				CURRENT_PROJECT_VERSION = 1;
				DEVELOPMENT_TEAM = ZDY99KXKVP;
				GENERATE_INFOPLIST_FILE = YES;
				INFOPLIST_FILE = AsyncDemo/Info.plist;
				INFOPLIST_KEY_UIApplicationSupportsIndirectInputEvents = YES;
				INFOPLIST_KEY_UILaunchStoryboardName = LaunchScreen;
				INFOPLIST_KEY_UIMainStoryboardFile = Main;
				INFOPLIST_KEY_UISupportedInterfaceOrientations_iPad = "UIInterfaceOrientationPortrait UIInterfaceOrientationPortraitUpsideDown UIInterfaceOrientationLandscapeLeft UIInterfaceOrientationLandscapeRight";
				INFOPLIST_KEY_UISupportedInterfaceOrientations_iPhone = "UIInterfaceOrientationPortrait UIInterfaceOrientationLandscapeLeft UIInterfaceOrientationLandscapeRight";
				LD_RUNPATH_SEARCH_PATHS = (
					"$(inherited)",
					"@executable_path/Frameworks",
				);
				MARKETING_VERSION = 1.0;
				PRODUCT_BUNDLE_IDENTIFIER = com.hellohezhili.AsyncDemo;
				PRODUCT_NAME = "$(TARGET_NAME)";
				SWIFT_EMIT_LOC_STRINGS = YES;
				SWIFT_OBJC_BRIDGING_HEADER = "AsyncDemo/AsyncDemo-Bridging-Header.h";
				SWIFT_OPTIMIZATION_LEVEL = "-Onone";
				SWIFT_VERSION = 5.0;
				TARGETED_DEVICE_FAMILY = "1,2";
			};
			name = Debug;
		};
		DB60EE6729E84C12006FDDA3 /* Release */ = {
			isa = XCBuildConfiguration;
			baseConfigurationReference = 29211F31E323A199CB30C73A /* Pods-AsyncDemo.release.xcconfig */;
			buildSettings = {
				ASSETCATALOG_COMPILER_APPICON_NAME = AppIcon;
				ASSETCATALOG_COMPILER_GLOBAL_ACCENT_COLOR_NAME = AccentColor;
				CLANG_ENABLE_MODULES = YES;
				CODE_SIGN_STYLE = Automatic;
				CURRENT_PROJECT_VERSION = 1;
				DEVELOPMENT_TEAM = ZDY99KXKVP;
				GENERATE_INFOPLIST_FILE = YES;
				INFOPLIST_FILE = AsyncDemo/Info.plist;
				INFOPLIST_KEY_UIApplicationSupportsIndirectInputEvents = YES;
				INFOPLIST_KEY_UILaunchStoryboardName = LaunchScreen;
				INFOPLIST_KEY_UIMainStoryboardFile = Main;
				INFOPLIST_KEY_UISupportedInterfaceOrientations_iPad = "UIInterfaceOrientationPortrait UIInterfaceOrientationPortraitUpsideDown UIInterfaceOrientationLandscapeLeft UIInterfaceOrientationLandscapeRight";
				INFOPLIST_KEY_UISupportedInterfaceOrientations_iPhone = "UIInterfaceOrientationPortrait UIInterfaceOrientationLandscapeLeft UIInterfaceOrientationLandscapeRight";
				LD_RUNPATH_SEARCH_PATHS = (
					"$(inherited)",
					"@executable_path/Frameworks",
				);
				MARKETING_VERSION = 1.0;
				PRODUCT_BUNDLE_IDENTIFIER = com.hellohezhili.AsyncDemo;
				PRODUCT_NAME = "$(TARGET_NAME)";
				SWIFT_EMIT_LOC_STRINGS = YES;
				SWIFT_OBJC_BRIDGING_HEADER = "AsyncDemo/AsyncDemo-Bridging-Header.h";
				SWIFT_VERSION = 5.0;
				TARGETED_DEVICE_FAMILY = "1,2";
			};
			name = Release;
		};
		DB60EE6929E84C12006FDDA3 /* Debug */ = {
			isa = XCBuildConfiguration;
			baseConfigurationReference = 793E8A9F121D2176E00896C5 /* Pods-AsyncDemoTests.debug.xcconfig */;
			buildSettings = {
				ALWAYS_EMBED_SWIFT_STANDARD_LIBRARIES = "$(inherited)";
				BUNDLE_LOADER = "$(TEST_HOST)";
				CODE_SIGN_STYLE = Automatic;
				CURRENT_PROJECT_VERSION = 1;
				DEVELOPMENT_TEAM = ZDY99KXKVP;
				GENERATE_INFOPLIST_FILE = YES;
				IPHONEOS_DEPLOYMENT_TARGET = 16.4;
				MARKETING_VERSION = 1.0;
				PRODUCT_BUNDLE_IDENTIFIER = com.hellohezhili.AsyncDemoTests;
				PRODUCT_NAME = "$(TARGET_NAME)";
				SWIFT_EMIT_LOC_STRINGS = NO;
				SWIFT_VERSION = 5.0;
				TARGETED_DEVICE_FAMILY = "1,2";
				TEST_HOST = "$(BUILT_PRODUCTS_DIR)/AsyncDemo.app/$(BUNDLE_EXECUTABLE_FOLDER_PATH)/AsyncDemo";
			};
			name = Debug;
		};
		DB60EE6A29E84C12006FDDA3 /* Release */ = {
			isa = XCBuildConfiguration;
			baseConfigurationReference = 72135375EF566BA3943E519F /* Pods-AsyncDemoTests.release.xcconfig */;
			buildSettings = {
				ALWAYS_EMBED_SWIFT_STANDARD_LIBRARIES = "$(inherited)";
				BUNDLE_LOADER = "$(TEST_HOST)";
				CODE_SIGN_STYLE = Automatic;
				CURRENT_PROJECT_VERSION = 1;
				DEVELOPMENT_TEAM = ZDY99KXKVP;
				GENERATE_INFOPLIST_FILE = YES;
				IPHONEOS_DEPLOYMENT_TARGET = 16.4;
				MARKETING_VERSION = 1.0;
				PRODUCT_BUNDLE_IDENTIFIER = com.hellohezhili.AsyncDemoTests;
				PRODUCT_NAME = "$(TARGET_NAME)";
				SWIFT_EMIT_LOC_STRINGS = NO;
				SWIFT_VERSION = 5.0;
				TARGETED_DEVICE_FAMILY = "1,2";
				TEST_HOST = "$(BUILT_PRODUCTS_DIR)/AsyncDemo.app/$(BUNDLE_EXECUTABLE_FOLDER_PATH)/AsyncDemo";
			};
			name = Release;
		};
/* End XCBuildConfiguration section */

/* Begin XCConfigurationList section */
		DB60EE3629E84C11006FDDA3 /* Build configuration list for PBXProject "AsyncDemo" */ = {
			isa = XCConfigurationList;
			buildConfigurations = (
				DB60EE6329E84C12006FDDA3 /* Debug */,
				DB60EE6429E84C12006FDDA3 /* Release */,
			);
			defaultConfigurationIsVisible = 0;
			defaultConfigurationName = Release;
		};
		DB60EE6529E84C12006FDDA3 /* Build configuration list for PBXNativeTarget "AsyncDemo" */ = {
			isa = XCConfigurationList;
			buildConfigurations = (
				DB60EE6629E84C12006FDDA3 /* Debug */,
				DB60EE6729E84C12006FDDA3 /* Release */,
			);
			defaultConfigurationIsVisible = 0;
			defaultConfigurationName = Release;
		};
		DB60EE6829E84C12006FDDA3 /* Build configuration list for PBXNativeTarget "AsyncDemoTests" */ = {
			isa = XCConfigurationList;
			buildConfigurations = (
				DB60EE6929E84C12006FDDA3 /* Debug */,
				DB60EE6A29E84C12006FDDA3 /* Release */,
			);
			defaultConfigurationIsVisible = 0;
			defaultConfigurationName = Release;
		};
/* End XCConfigurationList section */
	};
	rootObject = DB60EE3329E84C11006FDDA3 /* Project object */;
}
